PODS:
  - Alamofire (4.4.0)
  - ErrorDispatching/Core (0.1.0)
  - ErrorDispatching/Moya (0.1.0):
    - ErrorDispatching/Core
    - Moya (~> 8.0.0)
  - ErrorDispatching/ReactiveSwift (0.1.0):
    - ErrorDispatching/Core
    - ReactiveSwift (~> 1.0)
  - Moya (8.0.2):
    - Moya/Core (= 8.0.2)
  - Moya/Core (8.0.2):
    - Alamofire (~> 4.1)
    - Result (~> 3.0)
  - ReactiveSwift (1.1.0):
    - Result (~> 3.1)
  - Result (3.1.0)

DEPENDENCIES:
  - ErrorDispatching/Moya (from `../`)
  - ErrorDispatching/ReactiveSwift (from `../`)

EXTERNAL SOURCES:
  ErrorDispatching:
    :path: "../"

SPEC CHECKSUMS:
  Alamofire: dc44b1600b800eb63da6a19039a0083d62a6a62d
  ErrorDispatching: 60348fa3b0eeaa68456a21b933b0dbc9b14b3596
  Moya: 47f61da5b634aa71f676431b64ee0f81e976296d
  ReactiveSwift: 2f4e4a02e5a5c87ea63f5fe667163ce2a67cbb57
  Result: 4e3ed5995ed94d0cd6a09be9a431fce3f3624bbf

PODFILE CHECKSUM: 0efc651417e0776c5b500271610001ab9a12f9fa

COCOAPODS: 1.2.0
